
Microsoft Visual Studio Solution File, Format Version 12.00
# Visual Studio Version 16
VisualStudioVersion = 16.0.29102.190
MinimumVisualStudioVersion = 10.0.40219.1
Project("{FAE04EC0-301F-11D3-BF4B-00C04F79EFBC}") = "Ficha1", "Ficha1.csproj", "{F15FD9ED-0C03-4B73-B85A-17D1E562CC65}"
EndProject
Global
	GlobalSection(SolutionConfigurationPlatforms) = preSolution
		Debug|Any CPU = Debug|Any CPU
		Release|Any CPU = Release|Any CPU
	EndGlobalSection
	GlobalSection(ProjectConfigurationPlatforms) = postSolution
		{F15FD9ED-0C03-4B73-B85A-17D1E562CC65}.Debug|Any CPU.ActiveCfg = Debug|Any CPU
		{F15FD9ED-0C03-4B73-B85A-17D1E562CC65}.Debug|Any CPU.Build.0 = Debug|Any CPU
		{F15FD9ED-0C03-4B73-B85A-17D1E562CC65}.Release|Any CPU.ActiveCfg = Release|Any CPU
		{F15FD9ED-0C03-4B73-B85A-17D1E562CC65}.Release|Any CPU.Build.0 = Release|Any CPU
	EndGlobalSection
	GlobalSection(SolutionProperties) = preSolution
		HideSolutionNode = FALSE
	EndGlobalSection
	GlobalSection(ExtensibilityGlobals) = postSolution
		SolutionGuid = {7F5395DB-C358-49A3-ABED-190244954AC6}
	EndGlobalSection
EndGlobal
